
Microsoft Visual Studio Solution File, Format Version 12.00
# Visual Studio Version 17
VisualStudioVersion = 17.4.33205.214
MinimumVisualStudioVersion = 10.0.40219.1
Project("{9A19103F-16F7-4668-BE54-9A1E7A4F7556}") = "GettingStarted.DataServices", "GettingStarted.DataServices\GettingStarted.DataServices.csproj", "{EF442F09-E8C1-4644-8D3C-790D66D5EFB0}"
EndProject
Project("{9A19103F-16F7-4668-BE54-9A1E7A4F7556}") = "GettingStarted.Tests", "GettingStarted.Tests\GettingStarted.Tests.csproj", "{4268F1C2-86EB-49CC-A9B7-226B7036BC4F}"
EndProject
Project("{2150E333-8FDC-42A3-9474-1A3956D46DE8}") = "Assets", "Assets", "{4F55ABFE-6E1E-4EE2-A7D1-65BB8D5DA817}"
EndProject
Project("{9A19103F-16F7-4668-BE54-9A1E7A4F7556}") = "GettingStarted.Functions", "GettingStarted.Functions\GettingStarted.Functions.csproj", "{47471462-B765-489D-B1A4-3632D6F9B953}"
EndProject
Project("{9A19103F-16F7-4668-BE54-9A1E7A4F7556}") = "GettingStarted.Web", "GettingStarted.Web\GettingStarted.Web.csproj", "{C30FC89F-9851-4011-A7D1-3941B0F31C70}"
EndProject
Project("{9A19103F-16F7-4668-BE54-9A1E7A4F7556}") = "GettingStarted.Blazor", "GettingStarted.Blazor\GettingStarted.Blazor.csproj", "{64A77DA2-871D-465E-BF7F-7E98C3EFEB5D}"
EndProject
Global
	GlobalSection(SolutionConfigurationPlatforms) = preSolution
		Debug|Any CPU = Debug|Any CPU
		Release|Any CPU = Release|Any CPU
	EndGlobalSection
	GlobalSection(ProjectConfigurationPlatforms) = postSolution
		{EF442F09-E8C1-4644-8D3C-790D66D5EFB0}.Debug|Any CPU.ActiveCfg = Debug|Any CPU
		{EF442F09-E8C1-4644-8D3C-790D66D5EFB0}.Debug|Any CPU.Build.0 = Debug|Any CPU
		{EF442F09-E8C1-4644-8D3C-790D66D5EFB0}.Release|Any CPU.ActiveCfg = Release|Any CPU
		{EF442F09-E8C1-4644-8D3C-790D66D5EFB0}.Release|Any CPU.Build.0 = Release|Any CPU
		{4268F1C2-86EB-49CC-A9B7-226B7036BC4F}.Debug|Any CPU.ActiveCfg = Debug|Any CPU
		{4268F1C2-86EB-49CC-A9B7-226B7036BC4F}.Debug|Any CPU.Build.0 = Debug|Any CPU
		{4268F1C2-86EB-49CC-A9B7-226B7036BC4F}.Release|Any CPU.ActiveCfg = Release|Any CPU
		{4268F1C2-86EB-49CC-A9B7-226B7036BC4F}.Release|Any CPU.Build.0 = Release|Any CPU
		{47471462-B765-489D-B1A4-3632D6F9B953}.Debug|Any CPU.ActiveCfg = Debug|Any CPU
		{47471462-B765-489D-B1A4-3632D6F9B953}.Debug|Any CPU.Build.0 = Debug|Any CPU
		{47471462-B765-489D-B1A4-3632D6F9B953}.Release|Any CPU.ActiveCfg = Release|Any CPU
		{47471462-B765-489D-B1A4-3632D6F9B953}.Release|Any CPU.Build.0 = Release|Any CPU
		{C30FC89F-9851-4011-A7D1-3941B0F31C70}.Debug|Any CPU.ActiveCfg = Debug|Any CPU
		{C30FC89F-9851-4011-A7D1-3941B0F31C70}.Debug|Any CPU.Build.0 = Debug|Any CPU
		{C30FC89F-9851-4011-A7D1-3941B0F31C70}.Release|Any CPU.ActiveCfg = Release|Any CPU
		{C30FC89F-9851-4011-A7D1-3941B0F31C70}.Release|Any CPU.Build.0 = Release|Any CPU
		{64A77DA2-871D-465E-BF7F-7E98C3EFEB5D}.Debug|Any CPU.ActiveCfg = Debug|Any CPU
		{64A77DA2-871D-465E-BF7F-7E98C3EFEB5D}.Debug|Any CPU.Build.0 = Debug|Any CPU
		{64A77DA2-871D-465E-BF7F-7E98C3EFEB5D}.Release|Any CPU.ActiveCfg = Release|Any CPU
		{64A77DA2-871D-465E-BF7F-7E98C3EFEB5D}.Release|Any CPU.Build.0 = Release|Any CPU
	EndGlobalSection
	GlobalSection(SolutionProperties) = preSolution
		HideSolutionNode = FALSE
	EndGlobalSection
	GlobalSection(ExtensibilityGlobals) = postSolution
		SolutionGuid = {EB9A95EA-0BDC-428F-9161-3AC82EE567B3}
	EndGlobalSection
EndGlobal
